
Microsoft Visual Studio Solution File, Format Version 12.00
# Visual Studio Version 17
VisualStudioVersion = 17.1.32407.343
MinimumVisualStudioVersion = 10.0.40219.1
Project("{FAE04EC0-301F-11D3-BF4B-00C04F79EFBC}") = "NumeroMixto", "NumeroMixto\NumeroMixto.csproj", "{D460FDDB-2A38-45E1-91DB-443AE65A1DE4}"
EndProject
Global
	GlobalSection(SolutionConfigurationPlatforms) = preSolution
		Debug|Any CPU = Debug|Any CPU
		Release|Any CPU = Release|Any CPU
	EndGlobalSection
	GlobalSection(ProjectConfigurationPlatforms) = postSolution
		{D460FDDB-2A38-45E1-91DB-443AE65A1DE4}.Debug|Any CPU.ActiveCfg = Debug|Any CPU
		{D460FDDB-2A38-45E1-91DB-443AE65A1DE4}.Debug|Any CPU.Build.0 = Debug|Any CPU
		{D460FDDB-2A38-45E1-91DB-443AE65A1DE4}.Release|Any CPU.ActiveCfg = Release|Any CPU
		{D460FDDB-2A38-45E1-91DB-443AE65A1DE4}.Release|Any CPU.Build.0 = Release|Any CPU
	EndGlobalSection
	GlobalSection(SolutionProperties) = preSolution
		HideSolutionNode = FALSE
	EndGlobalSection
	GlobalSection(ExtensibilityGlobals) = postSolution
		SolutionGuid = {B5A4C333-73CE-4A7F-A2D6-0E4702218C2B}
	EndGlobalSection
EndGlobal
