
Microsoft Visual Studio Solution File, Format Version 12.00
# Visual Studio Version 17
VisualStudioVersion = 17.1.32407.343
MinimumVisualStudioVersion = 10.0.40219.1
Project("{FAE04EC0-301F-11D3-BF4B-00C04F79EFBC}") = "CuentaBancaria", "CuentaBancaria\CuentaBancaria.csproj", "{FD3D7504-F296-488E-97A9-A1FF8181D255}"
EndProject
Global
	GlobalSection(SolutionConfigurationPlatforms) = preSolution
		Debug|Any CPU = Debug|Any CPU
		Release|Any CPU = Release|Any CPU
	EndGlobalSection
	GlobalSection(ProjectConfigurationPlatforms) = postSolution
		{FD3D7504-F296-488E-97A9-A1FF8181D255}.Debug|Any CPU.ActiveCfg = Debug|Any CPU
		{FD3D7504-F296-488E-97A9-A1FF8181D255}.Debug|Any CPU.Build.0 = Debug|Any CPU
		{FD3D7504-F296-488E-97A9-A1FF8181D255}.Release|Any CPU.ActiveCfg = Release|Any CPU
		{FD3D7504-F296-488E-97A9-A1FF8181D255}.Release|Any CPU.Build.0 = Release|Any CPU
	EndGlobalSection
	GlobalSection(SolutionProperties) = preSolution
		HideSolutionNode = FALSE
	EndGlobalSection
	GlobalSection(ExtensibilityGlobals) = postSolution
		SolutionGuid = {7FCA3AD1-7365-4261-8879-056A346128DF}
	EndGlobalSection
EndGlobal
