
Microsoft Visual Studio Solution File, Format Version 12.00
# Visual Studio Version 17
VisualStudioVersion = 17.1.32407.343
MinimumVisualStudioVersion = 10.0.40219.1
Project("{FAE04EC0-301F-11D3-BF4B-00C04F79EFBC}") = "Matriz", "Matriz\Matriz.csproj", "{F6D9463F-D994-4B52-B148-9365EBBF6835}"
EndProject
Global
	GlobalSection(SolutionConfigurationPlatforms) = preSolution
		Debug|Any CPU = Debug|Any CPU
		Release|Any CPU = Release|Any CPU
	EndGlobalSection
	GlobalSection(ProjectConfigurationPlatforms) = postSolution
		{F6D9463F-D994-4B52-B148-9365EBBF6835}.Debug|Any CPU.ActiveCfg = Debug|Any CPU
		{F6D9463F-D994-4B52-B148-9365EBBF6835}.Debug|Any CPU.Build.0 = Debug|Any CPU
		{F6D9463F-D994-4B52-B148-9365EBBF6835}.Release|Any CPU.ActiveCfg = Release|Any CPU
		{F6D9463F-D994-4B52-B148-9365EBBF6835}.Release|Any CPU.Build.0 = Release|Any CPU
	EndGlobalSection
	GlobalSection(SolutionProperties) = preSolution
		HideSolutionNode = FALSE
	EndGlobalSection
	GlobalSection(ExtensibilityGlobals) = postSolution
		SolutionGuid = {178C8C0C-E8AC-4A2F-B413-904164160460}
	EndGlobalSection
EndGlobal
